
Microsoft Visual Studio Solution File, Format Version 12.00
# Visual Studio Version 17
VisualStudioVersion = 17.5.33516.290
MinimumVisualStudioVersion = 10.0.40219.1
Project("{2150E333-8FDC-42A3-9474-1A3956D46DE8}") = "Studio", "Studio", "{CCAAF12E-A8C3-49EE-8719-FAA6AB3A0943}"
EndProject
Project("{FAE04EC0-301F-11D3-BF4B-00C04F79EFBC}") = "objective", "objective\objective\objective.csproj", "{0B64DC6A-047B-4639-B076-FEB0065D843E}"
EndProject
Project("{2150E333-8FDC-42A3-9474-1A3956D46DE8}") = "Foundation", "Foundation", "{C8E171B1-DFC4-4B09-92AB-DD02E671B40E}"
EndProject
Project("{FAE04EC0-301F-11D3-BF4B-00C04F79EFBC}") = "objective.Core", "objective\objective.Core\objective.Core.csproj", "{E86FF8FD-EBE5-4E50-BB7E-EA6D7E828140}"
EndProject
Project("{2150E333-8FDC-42A3-9474-1A3956D46DE8}") = "Partial", "Partial", "{40CBFF6C-E033-49C4-AD50-DF84D9611471}"
EndProject
Project("{FAE04EC0-301F-11D3-BF4B-00C04F79EFBC}") = "objective.Forms", "objective\objective.Forms\objective.Forms.csproj", "{059A0687-5518-4C1E-8483-1C25767C145B}"
EndProject
Global
	GlobalSection(SolutionConfigurationPlatforms) = preSolution
		Debug|Any CPU = Debug|Any CPU
		Release|Any CPU = Release|Any CPU
	EndGlobalSection
	GlobalSection(ProjectConfigurationPlatforms) = postSolution
		{0B64DC6A-047B-4639-B076-FEB0065D843E}.Debug|Any CPU.ActiveCfg = Debug|Any CPU
		{0B64DC6A-047B-4639-B076-FEB0065D843E}.Debug|Any CPU.Build.0 = Debug|Any CPU
		{0B64DC6A-047B-4639-B076-FEB0065D843E}.Release|Any CPU.ActiveCfg = Release|Any CPU
		{0B64DC6A-047B-4639-B076-FEB0065D843E}.Release|Any CPU.Build.0 = Release|Any CPU
		{E86FF8FD-EBE5-4E50-BB7E-EA6D7E828140}.Debug|Any CPU.ActiveCfg = Debug|Any CPU
		{E86FF8FD-EBE5-4E50-BB7E-EA6D7E828140}.Debug|Any CPU.Build.0 = Debug|Any CPU
		{E86FF8FD-EBE5-4E50-BB7E-EA6D7E828140}.Release|Any CPU.ActiveCfg = Release|Any CPU
		{E86FF8FD-EBE5-4E50-BB7E-EA6D7E828140}.Release|Any CPU.Build.0 = Release|Any CPU
		{059A0687-5518-4C1E-8483-1C25767C145B}.Debug|Any CPU.ActiveCfg = Debug|Any CPU
		{059A0687-5518-4C1E-8483-1C25767C145B}.Debug|Any CPU.Build.0 = Debug|Any CPU
		{059A0687-5518-4C1E-8483-1C25767C145B}.Release|Any CPU.ActiveCfg = Release|Any CPU
		{059A0687-5518-4C1E-8483-1C25767C145B}.Release|Any CPU.Build.0 = Release|Any CPU
	EndGlobalSection
	GlobalSection(SolutionProperties) = preSolution
		HideSolutionNode = FALSE
	EndGlobalSection
	GlobalSection(NestedProjects) = preSolution
		{0B64DC6A-047B-4639-B076-FEB0065D843E} = {CCAAF12E-A8C3-49EE-8719-FAA6AB3A0943}
		{E86FF8FD-EBE5-4E50-BB7E-EA6D7E828140} = {C8E171B1-DFC4-4B09-92AB-DD02E671B40E}
		{059A0687-5518-4C1E-8483-1C25767C145B} = {40CBFF6C-E033-49C4-AD50-DF84D9611471}
	EndGlobalSection
	GlobalSection(ExtensibilityGlobals) = postSolution
		SolutionGuid = {DDE6F7C3-DD73-42D6-AAB5-DE1D93ECEE75}
	EndGlobalSection
EndGlobal
